
Microsoft Visual Studio Solution File, Format Version 12.00
# Visual Studio Version 16
VisualStudioVersion = 16.0.31112.23
MinimumVisualStudioVersion = 10.0.40219.1
Project("{2150E333-8FDC-42A3-9474-1A3956D46DE8}") = "1.Presentation", "1.Presentation", "{D491115B-A9D1-436C-9824-C16BBF27AB62}"
EndProject
Project("{2150E333-8FDC-42A3-9474-1A3956D46DE8}") = "2.Domain", "2.Domain", "{47050A7E-6616-4110-86CC-E0E1EEBAAECD}"
EndProject
Project("{2150E333-8FDC-42A3-9474-1A3956D46DE8}") = "3.Repository", "3.Repository", "{0F7D47C4-525B-47C5-A910-264D0C69BB79}"
EndProject
Project("{9A19103F-16F7-4668-BE54-9A1E7A4F7556}") = "ApiThreeLayerArch", "ApiThreeLayerArch\ApiThreeLayerArch.csproj", "{C3E8FF6A-F5CA-4E9B-B539-6EE9D2BE7DD7}"
EndProject
Project("{9A19103F-16F7-4668-BE54-9A1E7A4F7556}") = "Domain", "Domain\Domain.csproj", "{B109F21F-3CC4-4110-8C8A-5E4BBC7311D5}"
EndProject
Project("{9A19103F-16F7-4668-BE54-9A1E7A4F7556}") = "Domain.Contracts", "Domain.Contracts\Domain.Contracts.csproj", "{C9125406-58C3-4D76-BC79-7A534BACD0CB}"
EndProject
Project("{9A19103F-16F7-4668-BE54-9A1E7A4F7556}") = "Domain.Models", "Domain.Models\Domain.Models.csproj", "{F31928FD-F6FF-431B-A2B5-3CB97A63AFA4}"
EndProject
Project("{9A19103F-16F7-4668-BE54-9A1E7A4F7556}") = "Entities", "Entities\Entities.csproj", "{E762B902-DB3B-4337-A9E4-0B74C2FBB65B}"
EndProject
Project("{9A19103F-16F7-4668-BE54-9A1E7A4F7556}") = "DataAccess", "DataAccess\DataAccess.csproj", "{C9CD23E6-E641-46FA-AE4A-BF108D73BC79}"
EndProject
Project("{2150E333-8FDC-42A3-9474-1A3956D46DE8}") = "4.Profiles", "4.Profiles", "{AE9C1710-FFE0-4283-82FC-08B549FFD481}"
EndProject
Project("{9A19103F-16F7-4668-BE54-9A1E7A4F7556}") = "Utility", "Profile.Utility\Utility.csproj", "{22EDFA35-1544-43D7-A501-2161C90F5B06}"
EndProject
Project("{9A19103F-16F7-4668-BE54-9A1E7A4F7556}") = "DependencyInjection", "DependencyInjection\DependencyInjection.csproj", "{23D47679-A561-4C37-9F15-BE9BB79C736E}"
EndProject
Project("{2150E333-8FDC-42A3-9474-1A3956D46DE8}") = "5.Testing", "5.Testing", "{36445598-74BA-443E-95F3-3AE468D2E2D7}"
EndProject
Project("{FAE04EC0-301F-11D3-BF4B-00C04F79EFBC}") = "ApiThreelayer.IntegrationTests", "ApiThreelayer.IntegrationTests\ApiThreelayer.IntegrationTests.csproj", "{F1BB8949-78B2-4113-B6D8-E934CF9757A9}"
EndProject
Project("{FAE04EC0-301F-11D3-BF4B-00C04F79EFBC}") = "ApiThreeLayer.UnitTests", "ApiThreeLayer.UnitTests\ApiThreeLayer.UnitTests.csproj", "{A971AED5-ECD9-4167-9581-26670FB8A149}"
EndProject
Global
	GlobalSection(SolutionConfigurationPlatforms) = preSolution
		Debug|Any CPU = Debug|Any CPU
		Release|Any CPU = Release|Any CPU
	EndGlobalSection
	GlobalSection(ProjectConfigurationPlatforms) = postSolution
		{C3E8FF6A-F5CA-4E9B-B539-6EE9D2BE7DD7}.Debug|Any CPU.ActiveCfg = Debug|Any CPU
		{C3E8FF6A-F5CA-4E9B-B539-6EE9D2BE7DD7}.Debug|Any CPU.Build.0 = Debug|Any CPU
		{C3E8FF6A-F5CA-4E9B-B539-6EE9D2BE7DD7}.Release|Any CPU.ActiveCfg = Release|Any CPU
		{C3E8FF6A-F5CA-4E9B-B539-6EE9D2BE7DD7}.Release|Any CPU.Build.0 = Release|Any CPU
		{B109F21F-3CC4-4110-8C8A-5E4BBC7311D5}.Debug|Any CPU.ActiveCfg = Debug|Any CPU
		{B109F21F-3CC4-4110-8C8A-5E4BBC7311D5}.Debug|Any CPU.Build.0 = Debug|Any CPU
		{B109F21F-3CC4-4110-8C8A-5E4BBC7311D5}.Release|Any CPU.ActiveCfg = Release|Any CPU
		{B109F21F-3CC4-4110-8C8A-5E4BBC7311D5}.Release|Any CPU.Build.0 = Release|Any CPU
		{C9125406-58C3-4D76-BC79-7A534BACD0CB}.Debug|Any CPU.ActiveCfg = Debug|Any CPU
		{C9125406-58C3-4D76-BC79-7A534BACD0CB}.Debug|Any CPU.Build.0 = Debug|Any CPU
		{C9125406-58C3-4D76-BC79-7A534BACD0CB}.Release|Any CPU.ActiveCfg = Release|Any CPU
		{C9125406-58C3-4D76-BC79-7A534BACD0CB}.Release|Any CPU.Build.0 = Release|Any CPU
		{F31928FD-F6FF-431B-A2B5-3CB97A63AFA4}.Debug|Any CPU.ActiveCfg = Debug|Any CPU
		{F31928FD-F6FF-431B-A2B5-3CB97A63AFA4}.Debug|Any CPU.Build.0 = Debug|Any CPU
		{F31928FD-F6FF-431B-A2B5-3CB97A63AFA4}.Release|Any CPU.ActiveCfg = Release|Any CPU
		{F31928FD-F6FF-431B-A2B5-3CB97A63AFA4}.Release|Any CPU.Build.0 = Release|Any CPU
		{E762B902-DB3B-4337-A9E4-0B74C2FBB65B}.Debug|Any CPU.ActiveCfg = Debug|Any CPU
		{E762B902-DB3B-4337-A9E4-0B74C2FBB65B}.Debug|Any CPU.Build.0 = Debug|Any CPU
		{E762B902-DB3B-4337-A9E4-0B74C2FBB65B}.Release|Any CPU.ActiveCfg = Release|Any CPU
		{E762B902-DB3B-4337-A9E4-0B74C2FBB65B}.Release|Any CPU.Build.0 = Release|Any CPU
		{C9CD23E6-E641-46FA-AE4A-BF108D73BC79}.Debug|Any CPU.ActiveCfg = Debug|Any CPU
		{C9CD23E6-E641-46FA-AE4A-BF108D73BC79}.Debug|Any CPU.Build.0 = Debug|Any CPU
		{C9CD23E6-E641-46FA-AE4A-BF108D73BC79}.Release|Any CPU.ActiveCfg = Release|Any CPU
		{C9CD23E6-E641-46FA-AE4A-BF108D73BC79}.Release|Any CPU.Build.0 = Release|Any CPU
		{22EDFA35-1544-43D7-A501-2161C90F5B06}.Debug|Any CPU.ActiveCfg = Debug|Any CPU
		{22EDFA35-1544-43D7-A501-2161C90F5B06}.Debug|Any CPU.Build.0 = Debug|Any CPU
		{22EDFA35-1544-43D7-A501-2161C90F5B06}.Release|Any CPU.ActiveCfg = Release|Any CPU
		{22EDFA35-1544-43D7-A501-2161C90F5B06}.Release|Any CPU.Build.0 = Release|Any CPU
		{23D47679-A561-4C37-9F15-BE9BB79C736E}.Debug|Any CPU.ActiveCfg = Debug|Any CPU
		{23D47679-A561-4C37-9F15-BE9BB79C736E}.Debug|Any CPU.Build.0 = Debug|Any CPU
		{23D47679-A561-4C37-9F15-BE9BB79C736E}.Release|Any CPU.ActiveCfg = Release|Any CPU
		{23D47679-A561-4C37-9F15-BE9BB79C736E}.Release|Any CPU.Build.0 = Release|Any CPU
		{F1BB8949-78B2-4113-B6D8-E934CF9757A9}.Debug|Any CPU.ActiveCfg = Debug|Any CPU
		{F1BB8949-78B2-4113-B6D8-E934CF9757A9}.Debug|Any CPU.Build.0 = Debug|Any CPU
		{F1BB8949-78B2-4113-B6D8-E934CF9757A9}.Release|Any CPU.ActiveCfg = Release|Any CPU
		{F1BB8949-78B2-4113-B6D8-E934CF9757A9}.Release|Any CPU.Build.0 = Release|Any CPU
		{A971AED5-ECD9-4167-9581-26670FB8A149}.Debug|Any CPU.ActiveCfg = Debug|Any CPU
		{A971AED5-ECD9-4167-9581-26670FB8A149}.Debug|Any CPU.Build.0 = Debug|Any CPU
		{A971AED5-ECD9-4167-9581-26670FB8A149}.Release|Any CPU.ActiveCfg = Release|Any CPU
		{A971AED5-ECD9-4167-9581-26670FB8A149}.Release|Any CPU.Build.0 = Release|Any CPU
	EndGlobalSection
	GlobalSection(SolutionProperties) = preSolution
		HideSolutionNode = FALSE
	EndGlobalSection
	GlobalSection(NestedProjects) = preSolution
		{C3E8FF6A-F5CA-4E9B-B539-6EE9D2BE7DD7} = {D491115B-A9D1-436C-9824-C16BBF27AB62}
		{B109F21F-3CC4-4110-8C8A-5E4BBC7311D5} = {47050A7E-6616-4110-86CC-E0E1EEBAAECD}
		{C9125406-58C3-4D76-BC79-7A534BACD0CB} = {47050A7E-6616-4110-86CC-E0E1EEBAAECD}
		{F31928FD-F6FF-431B-A2B5-3CB97A63AFA4} = {47050A7E-6616-4110-86CC-E0E1EEBAAECD}
		{E762B902-DB3B-4337-A9E4-0B74C2FBB65B} = {0F7D47C4-525B-47C5-A910-264D0C69BB79}
		{C9CD23E6-E641-46FA-AE4A-BF108D73BC79} = {0F7D47C4-525B-47C5-A910-264D0C69BB79}
		{22EDFA35-1544-43D7-A501-2161C90F5B06} = {AE9C1710-FFE0-4283-82FC-08B549FFD481}
		{23D47679-A561-4C37-9F15-BE9BB79C736E} = {D491115B-A9D1-436C-9824-C16BBF27AB62}
		{F1BB8949-78B2-4113-B6D8-E934CF9757A9} = {36445598-74BA-443E-95F3-3AE468D2E2D7}
		{A971AED5-ECD9-4167-9581-26670FB8A149} = {36445598-74BA-443E-95F3-3AE468D2E2D7}
	EndGlobalSection
	GlobalSection(ExtensibilityGlobals) = postSolution
		SolutionGuid = {53B3FA23-66E4-4B3F-9E8A-C54A0CD76598}
	EndGlobalSection
EndGlobal
